
Microsoft Visual Studio Solution File, Format Version 12.00
Project("{FAE04EC0-301F-11D3-BF4B-00C04F79EFBC}") = "Wallet.API", "Wallet.API\Wallet.API.csproj", "{A0A1D476-2F22-4A63-ACCF-BCDC82368949}"
EndProject
Project("{2150E333-8FDC-42A3-9474-1A3956D46DE8}") = "src", "src", "{A70200D0-306A-44BD-8796-68834ED98877}"
EndProject
Project("{2150E333-8FDC-42A3-9474-1A3956D46DE8}") = "Services", "Services", "{964D0402-B1BF-4864-B8D1-2255F6239B44}"
EndProject
Project("{2150E333-8FDC-42A3-9474-1A3956D46DE8}") = "Wallet", "Wallet", "{664F4D2D-5BB8-43CE-8F86-8E2710B2257A}"
EndProject
Project("{2150E333-8FDC-42A3-9474-1A3956D46DE8}") = "tests", "tests", "{D6ADA27E-B561-4F4C-87C5-13EE0C96C0A9}"
EndProject
Project("{FAE04EC0-301F-11D3-BF4B-00C04F79EFBC}") = "Wallet.UnitTests", "Wallet.UnitTests\Wallet.UnitTests.csproj", "{5F1BD19D-436A-4D9F-AF72-5E430F6235E5}"
EndProject
Global
	GlobalSection(SolutionConfigurationPlatforms) = preSolution
		Debug|Any CPU = Debug|Any CPU
		Release|Any CPU = Release|Any CPU
	EndGlobalSection
	GlobalSection(ProjectConfigurationPlatforms) = postSolution
		{A0A1D476-2F22-4A63-ACCF-BCDC82368949}.Debug|Any CPU.ActiveCfg = Debug|Any CPU
		{A0A1D476-2F22-4A63-ACCF-BCDC82368949}.Debug|Any CPU.Build.0 = Debug|Any CPU
		{A0A1D476-2F22-4A63-ACCF-BCDC82368949}.Release|Any CPU.ActiveCfg = Release|Any CPU
		{A0A1D476-2F22-4A63-ACCF-BCDC82368949}.Release|Any CPU.Build.0 = Release|Any CPU
		{5F1BD19D-436A-4D9F-AF72-5E430F6235E5}.Debug|Any CPU.ActiveCfg = Debug|Any CPU
		{5F1BD19D-436A-4D9F-AF72-5E430F6235E5}.Debug|Any CPU.Build.0 = Debug|Any CPU
		{5F1BD19D-436A-4D9F-AF72-5E430F6235E5}.Release|Any CPU.ActiveCfg = Release|Any CPU
		{5F1BD19D-436A-4D9F-AF72-5E430F6235E5}.Release|Any CPU.Build.0 = Release|Any CPU
	EndGlobalSection
	GlobalSection(NestedProjects) = preSolution
		{964D0402-B1BF-4864-B8D1-2255F6239B44} = {A70200D0-306A-44BD-8796-68834ED98877}
		{664F4D2D-5BB8-43CE-8F86-8E2710B2257A} = {964D0402-B1BF-4864-B8D1-2255F6239B44}
		{A0A1D476-2F22-4A63-ACCF-BCDC82368949} = {664F4D2D-5BB8-43CE-8F86-8E2710B2257A}
		{D6ADA27E-B561-4F4C-87C5-13EE0C96C0A9} = {664F4D2D-5BB8-43CE-8F86-8E2710B2257A}
		{5F1BD19D-436A-4D9F-AF72-5E430F6235E5} = {D6ADA27E-B561-4F4C-87C5-13EE0C96C0A9}
	EndGlobalSection
EndGlobal
